
Microsoft Visual Studio Solution File, Format Version 12.00
# Visual Studio Version 17
VisualStudioVersion = 17.14.36414.22 d17.14
MinimumVisualStudioVersion = 10.0.40219.1
Project("{FAE04EC0-301F-11D3-BF4B-00C04F79EFBC}") = "Escape from Duckov Lilly Mod", "Escape from Duckov Lilly Mod\Escape from Duckov Lilly Mod.csproj", "{6A3D3938-5F3D-481E-BFED-0AC4116F7746}"
EndProject
Global
	GlobalSection(SolutionConfigurationPlatforms) = preSolution
		Debug|Any CPU = Debug|Any CPU
		Release|Any CPU = Release|Any CPU
	EndGlobalSection
	GlobalSection(ProjectConfigurationPlatforms) = postSolution
		{6A3D3938-5F3D-481E-BFED-0AC4116F7746}.Debug|Any CPU.ActiveCfg = Debug|Any CPU
		{6A3D3938-5F3D-481E-BFED-0AC4116F7746}.Debug|Any CPU.Build.0 = Debug|Any CPU
		{6A3D3938-5F3D-481E-BFED-0AC4116F7746}.Release|Any CPU.ActiveCfg = Release|Any CPU
		{6A3D3938-5F3D-481E-BFED-0AC4116F7746}.Release|Any CPU.Build.0 = Release|Any CPU
	EndGlobalSection
	GlobalSection(SolutionProperties) = preSolution
		HideSolutionNode = FALSE
	EndGlobalSection
	GlobalSection(ExtensibilityGlobals) = postSolution
		SolutionGuid = {CAE79B19-B883-490B-9B3F-9D4F875AEB4D}
	EndGlobalSection
EndGlobal
